
Microsoft Visual Studio Solution File, Format Version 12.00
# Visual Studio 15
VisualStudioVersion = 15.0.28010.2003
MinimumVisualStudioVersion = 10.0.40219.1
Project("{FAE04EC0-301F-11D3-BF4B-00C04F79EFBC}") = "WebApplication1.Server", "WebApplication1.Server\WebApplication1.Server.csproj", "{15E30CB9-27B2-47A1-914C-ACF8EECCBBAF}"
EndProject
Project("{FAE04EC0-301F-11D3-BF4B-00C04F79EFBC}") = "WebApplication1.Client", "WebApplication1.Client\WebApplication1.Client.csproj", "{20A29834-3C8D-4610-8018-A03B2CCCAC85}"
EndProject
Project("{FAE04EC0-301F-11D3-BF4B-00C04F79EFBC}") = "WebApplication1.Shared", "WebApplication1.Shared\WebApplication1.Shared.csproj", "{67947356-83B0-4E78-AF7A-56B25322BE97}"
EndProject
Global
	GlobalSection(SolutionConfigurationPlatforms) = preSolution
		Debug|Any CPU = Debug|Any CPU
		Release|Any CPU = Release|Any CPU
	EndGlobalSection
	GlobalSection(ProjectConfigurationPlatforms) = postSolution
		{15E30CB9-27B2-47A1-914C-ACF8EECCBBAF}.Debug|Any CPU.ActiveCfg = Debug|Any CPU
		{15E30CB9-27B2-47A1-914C-ACF8EECCBBAF}.Debug|Any CPU.Build.0 = Debug|Any CPU
		{15E30CB9-27B2-47A1-914C-ACF8EECCBBAF}.Release|Any CPU.ActiveCfg = Release|Any CPU
		{15E30CB9-27B2-47A1-914C-ACF8EECCBBAF}.Release|Any CPU.Build.0 = Release|Any CPU
		{20A29834-3C8D-4610-8018-A03B2CCCAC85}.Debug|Any CPU.ActiveCfg = Debug|Any CPU
		{20A29834-3C8D-4610-8018-A03B2CCCAC85}.Debug|Any CPU.Build.0 = Debug|Any CPU
		{20A29834-3C8D-4610-8018-A03B2CCCAC85}.Release|Any CPU.ActiveCfg = Release|Any CPU
		{20A29834-3C8D-4610-8018-A03B2CCCAC85}.Release|Any CPU.Build.0 = Release|Any CPU
		{67947356-83B0-4E78-AF7A-56B25322BE97}.Debug|Any CPU.ActiveCfg = Debug|Any CPU
		{67947356-83B0-4E78-AF7A-56B25322BE97}.Debug|Any CPU.Build.0 = Debug|Any CPU
		{67947356-83B0-4E78-AF7A-56B25322BE97}.Release|Any CPU.ActiveCfg = Release|Any CPU
		{67947356-83B0-4E78-AF7A-56B25322BE97}.Release|Any CPU.Build.0 = Release|Any CPU
	EndGlobalSection
	GlobalSection(SolutionProperties) = preSolution
		HideSolutionNode = FALSE
	EndGlobalSection
	GlobalSection(ExtensibilityGlobals) = postSolution
		SolutionGuid = {ADB334B8-20B6-4201-B3B7-AD831EF84B80}
	EndGlobalSection
EndGlobal
