
Microsoft Visual Studio Solution File, Format Version 12.00
# Visual Studio 15
VisualStudioVersion = 15.0.26228.9
MinimumVisualStudioVersion = 10.0.40219.1
Project("{FAE04EC0-301F-11D3-BF4B-00C04F79EFBC}") = "RabbitMQ.WindowsFormsApp", "RabbitMQ.WindowsFormsApp\RabbitMQ.WindowsFormsApp.csproj", "{EC893D60-6117-4FA1-B9F7-7495DDABEA2F}"
EndProject
Project("{FAE04EC0-301F-11D3-BF4B-00C04F79EFBC}") = "RabbitMQ.Core", "RabbitMQ.Core\RabbitMQ.Core.csproj", "{F969355A-E946-428E-9A43-ACFA0ACC8BBF}"
EndProject
Global
	GlobalSection(SolutionConfigurationPlatforms) = preSolution
		Debug|Any CPU = Debug|Any CPU
		Release|Any CPU = Release|Any CPU
	EndGlobalSection
	GlobalSection(ProjectConfigurationPlatforms) = postSolution
		{EC893D60-6117-4FA1-B9F7-7495DDABEA2F}.Debug|Any CPU.ActiveCfg = Debug|Any CPU
		{EC893D60-6117-4FA1-B9F7-7495DDABEA2F}.Debug|Any CPU.Build.0 = Debug|Any CPU
		{EC893D60-6117-4FA1-B9F7-7495DDABEA2F}.Release|Any CPU.ActiveCfg = Release|Any CPU
		{EC893D60-6117-4FA1-B9F7-7495DDABEA2F}.Release|Any CPU.Build.0 = Release|Any CPU
		{F969355A-E946-428E-9A43-ACFA0ACC8BBF}.Debug|Any CPU.ActiveCfg = Debug|Any CPU
		{F969355A-E946-428E-9A43-ACFA0ACC8BBF}.Debug|Any CPU.Build.0 = Debug|Any CPU
		{F969355A-E946-428E-9A43-ACFA0ACC8BBF}.Release|Any CPU.ActiveCfg = Release|Any CPU
		{F969355A-E946-428E-9A43-ACFA0ACC8BBF}.Release|Any CPU.Build.0 = Release|Any CPU
	EndGlobalSection
	GlobalSection(SolutionProperties) = preSolution
		HideSolutionNode = FALSE
	EndGlobalSection
EndGlobal
