
Microsoft Visual Studio Solution File, Format Version 12.00
# Visual Studio 15
VisualStudioVersion = 15.0.27703.2042
MinimumVisualStudioVersion = 10.0.40219.1
Project("{9A19103F-16F7-4668-BE54-9A1E7A4F7556}") = "BlazorDemo", "BlazorDemo\BlazorDemo.csproj", "{91CD774A-1264-4326-B48B-CB67EC471A36}"
EndProject
Project("{9A19103F-16F7-4668-BE54-9A1E7A4F7556}") = "BlazorDemo.Api", "BlazorDemo.Api\BlazorDemo.Api.csproj", "{6131F30E-C7A0-4F3C-988E-B872E8639CC7}"
EndProject
Project("{FAE04EC0-301F-11D3-BF4B-00C04F79EFBC}") = "BlazorDemo.Model", "BlazorDemo.Model\BlazorDemo.Model.csproj", "{F3E333CA-AD6A-4600-A31E-BC824333B488}"
EndProject
Global
	GlobalSection(SolutionConfigurationPlatforms) = preSolution
		Debug|Any CPU = Debug|Any CPU
		Release|Any CPU = Release|Any CPU
	EndGlobalSection
	GlobalSection(ProjectConfigurationPlatforms) = postSolution
		{91CD774A-1264-4326-B48B-CB67EC471A36}.Debug|Any CPU.ActiveCfg = Debug|Any CPU
		{91CD774A-1264-4326-B48B-CB67EC471A36}.Debug|Any CPU.Build.0 = Debug|Any CPU
		{91CD774A-1264-4326-B48B-CB67EC471A36}.Release|Any CPU.ActiveCfg = Release|Any CPU
		{91CD774A-1264-4326-B48B-CB67EC471A36}.Release|Any CPU.Build.0 = Release|Any CPU
		{6131F30E-C7A0-4F3C-988E-B872E8639CC7}.Debug|Any CPU.ActiveCfg = Debug|Any CPU
		{6131F30E-C7A0-4F3C-988E-B872E8639CC7}.Debug|Any CPU.Build.0 = Debug|Any CPU
		{6131F30E-C7A0-4F3C-988E-B872E8639CC7}.Release|Any CPU.ActiveCfg = Release|Any CPU
		{6131F30E-C7A0-4F3C-988E-B872E8639CC7}.Release|Any CPU.Build.0 = Release|Any CPU
		{F3E333CA-AD6A-4600-A31E-BC824333B488}.Debug|Any CPU.ActiveCfg = Debug|Any CPU
		{F3E333CA-AD6A-4600-A31E-BC824333B488}.Debug|Any CPU.Build.0 = Debug|Any CPU
		{F3E333CA-AD6A-4600-A31E-BC824333B488}.Release|Any CPU.ActiveCfg = Release|Any CPU
		{F3E333CA-AD6A-4600-A31E-BC824333B488}.Release|Any CPU.Build.0 = Release|Any CPU
	EndGlobalSection
	GlobalSection(SolutionProperties) = preSolution
		HideSolutionNode = FALSE
	EndGlobalSection
	GlobalSection(ExtensibilityGlobals) = postSolution
		SolutionGuid = {8FA76914-B620-4A3F-B140-52AA6AA46691}
	EndGlobalSection
EndGlobal
